{
  "name": "form-data-display",
  "version": "1.0.0",
  "lockfileVersion": 3,
  "requires": true,
  "packages": {
    "": {
      "name": "form-data-display",
      "version": "1.0.0",
      "license": "ISC",
      "dependencies": {
        "mode": "^0.3.2"
      }
    },
    "node_modules/mode": {
      "version": "0.3.2",
      "resolved": "https://registry.npmjs.org/mode/-/mode-0.3.2.tgz",
      "integrity": "sha512-fGsVtUpJ0s7Y2Km6X/bx9wGGwRrXFwFdcXMG+WeMPgydl5flwU2rUcmzanAhAspR1xl0lVgp6GcdKN9EEMkWtA==",
      "bin": {
        "mode": "bin/mode.sh"
      },
      "engines": {
        "node": "*"
      }
    }
  }
}
